{
  "object": {
    "pins": [
      {
        "package": "CWasm3",
        "repositoryURL": "https://github.com/Hypertrack/cwasm3.git",
        "state": {
          "branch": "wasi",
          "revision": "78a6291a3f35d88a99c71ab05c3589f7455407ab",
          "version": null
        }
      },
      {
        "package": "Synchronized",
        "repositoryURL": "https://github.com/shareup/synchronized.git",
        "state": {
          "branch": null,
          "revision": "ab58ad52ede004d65ee11b07aebb76392d9c0cec",
          "version": "3.1.0"
        }
      }
    ]
  },
  "version": 1
}
